
Microsoft Visual Studio Solution File, Format Version 12.00
# Visual Studio 15
VisualStudioVersion = 15.0.28307.852
MinimumVisualStudioVersion = 10.0.40219.1
Project("{FAE04EC0-301F-11D3-BF4B-00C04F79EFBC}") = "MiSimulator", "MiSimulator\MiSimulator.csproj", "{8EF3FE12-728F-4345-BF31-8981C8919441}"
EndProject
Global
	GlobalSection(SolutionConfigurationPlatforms) = preSolution
		Debug|Any CPU = Debug|Any CPU
		Release|Any CPU = Release|Any CPU
	EndGlobalSection
	GlobalSection(ProjectConfigurationPlatforms) = postSolution
		{8EF3FE12-728F-4345-BF31-8981C8919441}.Debug|Any CPU.ActiveCfg = Debug|Any CPU
		{8EF3FE12-728F-4345-BF31-8981C8919441}.Debug|Any CPU.Build.0 = Debug|Any CPU
		{8EF3FE12-728F-4345-BF31-8981C8919441}.Release|Any CPU.ActiveCfg = Release|Any CPU
		{8EF3FE12-728F-4345-BF31-8981C8919441}.Release|Any CPU.Build.0 = Release|Any CPU
	EndGlobalSection
	GlobalSection(SolutionProperties) = preSolution
		HideSolutionNode = FALSE
	EndGlobalSection
	GlobalSection(ExtensibilityGlobals) = postSolution
		SolutionGuid = {8984C5A3-5465-4B55-8930-6C5AE75BD35F}
	EndGlobalSection
EndGlobal
